// !$*UTF8*$!
{
	archiveVersion = 1;
	classes = {
	};
	objectVersion = 46;
	objects = {

/* Begin PBXBuildFile section */
		785C91B1399C65BD9D713311 /* libPods-Watch Extension.a in Frameworks */ = {isa = PBXBuildFile; fileRef = A07BB0034BDBACA7E700CAA8 /* libPods-Watch Extension.a */; };
		8D8D5F4A1732FB4AFE56C405 /* libPods-Dude.a in Frameworks */ = {isa = PBXBuildFile; fileRef = 0F673BF28C1C27641C653380 /* libPods-Dude.a */; };
		DA19B0A41A374CB300ADDAF1 /* RedirectionViewController.m in Sources */ = {isa = PBXBuildFile; fileRef = DA19B0A31A374CB300ADDAF1 /* RedirectionViewController.m */; };
		DA4262921B1EE4B100560925 /* UsersTableViewController.m in Sources */ = {isa = PBXBuildFile; fileRef = DA4262911B1EE4B100560925 /* UsersTableViewController.m */; };
		DA6EB62B1B2351EC00362033 /* MessagesTableViewController.m in Sources */ = {isa = PBXBuildFile; fileRef = DA6EB62A1B2351EC00362033 /* MessagesTableViewController.m */; };
		DA6F4C4E1A1E439800D40186 /* main.m in Sources */ = {isa = PBXBuildFile; fileRef = DA6F4C4D1A1E439800D40186 /* main.m */; };
		DA6F4C511A1E439800D40186 /* AppDelegate.m in Sources */ = {isa = PBXBuildFile; fileRef = DA6F4C501A1E439800D40186 /* AppDelegate.m */; };
		DA6F4C571A1E439800D40186 /* Main.storyboard in Resources */ = {isa = PBXBuildFile; fileRef = DA6F4C551A1E439800D40186 /* Main.storyboard */; };
		DA6F4C591A1E439800D40186 /* Images.xcassets in Resources */ = {isa = PBXBuildFile; fileRef = DA6F4C581A1E439800D40186 /* Images.xcassets */; };
		DA8E11C91AD6A3DD005F9CF2 /* UIImage+Alpha.m in Sources */ = {isa = PBXBuildFile; fileRef = DA8E11C41AD6A3DD005F9CF2 /* UIImage+Alpha.m */; };
		DA8E11CB1AD6A3DD005F9CF2 /* UIImage+Resize.m in Sources */ = {isa = PBXBuildFile; fileRef = DA8E11C61AD6A3DD005F9CF2 /* UIImage+Resize.m */; };
		DA8E11CD1AD6A3DD005F9CF2 /* UIImage+RoundedCorner.m in Sources */ = {isa = PBXBuildFile; fileRef = DA8E11C81AD6A3DD005F9CF2 /* UIImage+RoundedCorner.m */; };
		DAB5FCAD1AC69314003D8062 /* NSStringExtensions.m in Sources */ = {isa = PBXBuildFile; fileRef = DAB5FCAC1AC69314003D8062 /* NSStringExtensions.m */; };
		DAB605F11B2002FA00341828 /* DUser.m in Sources */ = {isa = PBXBuildFile; fileRef = DAB605F01B2002FA00341828 /* DUser.m */; };
		DAC3B8271B21B67200C303CD /* SignUpViewController.m in Sources */ = {isa = PBXBuildFile; fileRef = DAC3B8261B21B67200C303CD /* SignUpViewController.m */; };
		DACEE7CF1AAF67BD00B958F0 /* MessagesManager.m in Sources */ = {isa = PBXBuildFile; fileRef = DACEE7CE1AAF67BD00B958F0 /* MessagesManager.m */; };
		DACEE7D31AAF67E200B958F0 /* ContactsManager.m in Sources */ = {isa = PBXBuildFile; fileRef = DACEE7D21AAF67E200B958F0 /* ContactsManager.m */; };
		DACEE7D71AB02DB200B958F0 /* UIImageExtensions.m in Sources */ = {isa = PBXBuildFile; fileRef = DACEE7D61AB02DB200B958F0 /* UIImageExtensions.m */; };
		DAEF37671B1E1A2100391DD0 /* ProfileViewController.m in Sources */ = {isa = PBXBuildFile; fileRef = DAEF37661B1E1A2100391DD0 /* ProfileViewController.m */; };
		DAF7FC4C1B31FECE008F7A96 /* DMessage.m in Sources */ = {isa = PBXBuildFile; fileRef = DAF7FC4B1B31FECE008F7A96 /* DMessage.m */; };
		FB02EF581C0B3E8F0010B916 /* UIKit.framework in Frameworks */ = {isa = PBXBuildFile; fileRef = FB02EF571C0B3E8F0010B916 /* UIKit.framework */; };
		FB02EF5A1C0B3EA20010B916 /* Accounts.framework in Frameworks */ = {isa = PBXBuildFile; fileRef = FB02EF591C0B3EA20010B916 /* Accounts.framework */; };
		FB02EF5C1C0B3EC10010B916 /* CoreLocation.framework in Frameworks */ = {isa = PBXBuildFile; fileRef = FB02EF5B1C0B3EC10010B916 /* CoreLocation.framework */; };
		FB02EF5E1C0B3EC70010B916 /* Foundation.framework in Frameworks */ = {isa = PBXBuildFile; fileRef = FB02EF5D1C0B3EC70010B916 /* Foundation.framework */; };
		FB02EF601C0B3EE20010B916 /* Social.framework in Frameworks */ = {isa = PBXBuildFile; fileRef = FB02EF5F1C0B3EE20010B916 /* Social.framework */; };
		FB02EF621C0B3EED0010B916 /* Contacts.framework in Frameworks */ = {isa = PBXBuildFile; fileRef = FB02EF611C0B3EED0010B916 /* Contacts.framework */; };
		FB02EF6B1C0B53650010B916 /* DUserWatch.m in Sources */ = {isa = PBXBuildFile; fileRef = FB02EF6A1C0B53650010B916 /* DUserWatch.m */; };
		FB0CBF881C0762CD0043F89E /* WatchConnectivity.framework in Frameworks */ = {isa = PBXBuildFile; fileRef = FB0CBF871C0762CD0043F89E /* WatchConnectivity.framework */; };
		FB1FF5691B8A2119001831D9 /* WelcomeViewController.m in Sources */ = {isa = PBXBuildFile; fileRef = FB1FF5681B8A2119001831D9 /* WelcomeViewController.m */; };
		FB2FAF701B514FE70055018B /* Launch Screen.xib in Resources */ = {isa = PBXBuildFile; fileRef = FB2FAF6F1B514FE70055018B /* Launch Screen.xib */; };
		FB4C5D951BF5EFA8002B5A58 /* Interface.storyboard in Resources */ = {isa = PBXBuildFile; fileRef = FB4C5D931BF5EFA8002B5A58 /* Interface.storyboard */; };
		FB4C5D971BF5EFA8002B5A58 /* Assets.xcassets in Resources */ = {isa = PBXBuildFile; fileRef = FB4C5D961BF5EFA8002B5A58 /* Assets.xcassets */; };
		FB4C5D9E1BF5EFA8002B5A58 /* Watch Extension.appex in Embed App Extensions */ = {isa = PBXBuildFile; fileRef = FB4C5D9D1BF5EFA8002B5A58 /* Watch Extension.appex */; settings = {ATTRIBUTES = (RemoveHeadersOnCopy, ); }; };
		FB4C5DA61BF5EFA8002B5A58 /* InterfaceController.m in Sources */ = {isa = PBXBuildFile; fileRef = FB4C5DA51BF5EFA8002B5A58 /* InterfaceController.m */; };
		FB4C5DA91BF5EFA8002B5A58 /* ExtensionDelegate.m in Sources */ = {isa = PBXBuildFile; fileRef = FB4C5DA81BF5EFA8002B5A58 /* ExtensionDelegate.m */; };
		FB4C5DAC1BF5EFA8002B5A58 /* NotificationController.m in Sources */ = {isa = PBXBuildFile; fileRef = FB4C5DAB1BF5EFA8002B5A58 /* NotificationController.m */; };
		FB4C5DAE1BF5EFA8002B5A58 /* Assets.xcassets in Resources */ = {isa = PBXBuildFile; fileRef = FB4C5DAD1BF5EFA8002B5A58 /* Assets.xcassets */; };
		FB4C5DB21BF5EFA8002B5A58 /* Watch App.app in Embed Watch Content */ = {isa = PBXBuildFile; fileRef = FB4C5D911BF5EFA8002B5A58 /* Watch App.app */; };
		FB4C5DBC1BF5F0AE002B5A58 /* MessageInterfaceController.m in Sources */ = {isa = PBXBuildFile; fileRef = FB4C5DBB1BF5F0AE002B5A58 /* MessageInterfaceController.m */; };
		FB4C5DBF1BF5F0BA002B5A58 /* RowController.m in Sources */ = {isa = PBXBuildFile; fileRef = FB4C5DBE1BF5F0BA002B5A58 /* RowController.m */; };
		FB4FC3C71BAD938900FC5F01 /* QNSURLConnection.m in Sources */ = {isa = PBXBuildFile; fileRef = FB4FC3C61BAD938900FC5F01 /* QNSURLConnection.m */; };
		FB6F4E251C2FF2830083DCD8 /* ComposeSheetViewController.m in Sources */ = {isa = PBXBuildFile; fileRef = FB6F4E241C2FF2830083DCD8 /* ComposeSheetViewController.m */; };
		FBDE26D71B81E0B5006485D0 /* SlidingSegues.m in Sources */ = {isa = PBXBuildFile; fileRef = FBDE26D61B81E0B5006485D0 /* SlidingSegues.m */; };
/* End PBXBuildFile section */

/* Begin PBXContainerItemProxy section */
		FB4C5D9F1BF5EFA8002B5A58 /* PBXContainerItemProxy */ = {
			isa = PBXContainerItemProxy;
			containerPortal = DA6F4C401A1E439800D40186 /* Project object */;
			proxyType = 1;
			remoteGlobalIDString = FB4C5D9C1BF5EFA8002B5A58;
			remoteInfo = "watchkitapp Extension";
		};
		FB4C5DB01BF5EFA8002B5A58 /* PBXContainerItemProxy */ = {
			isa = PBXContainerItemProxy;
			containerPortal = DA6F4C401A1E439800D40186 /* Project object */;
			proxyType = 1;
			remoteGlobalIDString = FB4C5D901BF5EFA8002B5A58;
			remoteInfo = watchkitapp;
		};
/* End PBXContainerItemProxy section */

/* Begin PBXCopyFilesBuildPhase section */
		FB4C5DB61BF5EFA8002B5A58 /* Embed App Extensions */ = {
			isa = PBXCopyFilesBuildPhase;
			buildActionMask = 2147483647;
			dstPath = "";
			dstSubfolderSpec = 13;
			files = (
				FB4C5D9E1BF5EFA8002B5A58 /* Watch Extension.appex in Embed App Extensions */,
			);
			name = "Embed App Extensions";
			runOnlyForDeploymentPostprocessing = 0;
		};
		FB4FC3C41BAD90AB00FC5F01 /* Embed Watch Content */ = {
			isa = PBXCopyFilesBuildPhase;
			buildActionMask = 2147483647;
			dstPath = "$(CONTENTS_FOLDER_PATH)/Watch";
			dstSubfolderSpec = 16;
			files = (
				FB4C5DB21BF5EFA8002B5A58 /* Watch App.app in Embed Watch Content */,
			);
			name = "Embed Watch Content";
			runOnlyForDeploymentPostprocessing = 0;
		};
/* End PBXCopyFilesBuildPhase section */

/* Begin PBXFileReference section */
		0F673BF28C1C27641C653380 /* libPods-Dude.a */ = {isa = PBXFileReference; explicitFileType = archive.ar; includeInIndex = 0; path = "libPods-Dude.a"; sourceTree = BUILT_PRODUCTS_DIR; };
		23B478C0D797D16066E2FF6E /* Pods-Dude WatchKit Extension.release.xcconfig */ = {isa = PBXFileReference; includeInIndex = 1; lastKnownFileType = text.xcconfig; name = "Pods-Dude WatchKit Extension.release.xcconfig"; path = "Pods/Target Support Files/Pods-Dude WatchKit Extension/Pods-Dude WatchKit Extension.release.xcconfig"; sourceTree = "<group>"; };
		36FE9D7EADA7F3FC5FE9C82C /* libPods.a */ = {isa = PBXFileReference; explicitFileType = archive.ar; includeInIndex = 0; path = libPods.a; sourceTree = BUILT_PRODUCTS_DIR; };
		6385CC7AFC34B2E9DF045186 /* Pods-Watch Extension.release.xcconfig */ = {isa = PBXFileReference; includeInIndex = 1; lastKnownFileType = text.xcconfig; name = "Pods-Watch Extension.release.xcconfig"; path = "Pods/Target Support Files/Pods-Watch Extension/Pods-Watch Extension.release.xcconfig"; sourceTree = "<group>"; };
		6B2E942D159655935D14FDBD /* Pods-Dude WatchKit Extension.debug.xcconfig */ = {isa = PBXFileReference; includeInIndex = 1; lastKnownFileType = text.xcconfig; name = "Pods-Dude WatchKit Extension.debug.xcconfig"; path = "Pods/Target Support Files/Pods-Dude WatchKit Extension/Pods-Dude WatchKit Extension.debug.xcconfig"; sourceTree = "<group>"; };
		75B3C97C9D72622B3B5366A4 /* Pods.debug.xcconfig */ = {isa = PBXFileReference; includeInIndex = 1; lastKnownFileType = text.xcconfig; name = Pods.debug.xcconfig; path = "Pods/Target Support Files/Pods/Pods.debug.xcconfig"; sourceTree = "<group>"; };
		9AAA7A7751B1484B7654D2CB /* Pods-Dude.release.xcconfig */ = {isa = PBXFileReference; includeInIndex = 1; lastKnownFileType = text.xcconfig; name = "Pods-Dude.release.xcconfig"; path = "Pods/Target Support Files/Pods-Dude/Pods-Dude.release.xcconfig"; sourceTree = "<group>"; };
		A07BB0034BDBACA7E700CAA8 /* libPods-Watch Extension.a */ = {isa = PBXFileReference; explicitFileType = archive.ar; includeInIndex = 0; path = "libPods-Watch Extension.a"; sourceTree = BUILT_PRODUCTS_DIR; };
		ACE3606FD64BC1D0EE808FD3 /* Pods-Dude.debug.xcconfig */ = {isa = PBXFileReference; includeInIndex = 1; lastKnownFileType = text.xcconfig; name = "Pods-Dude.debug.xcconfig"; path = "Pods/Target Support Files/Pods-Dude/Pods-Dude.debug.xcconfig"; sourceTree = "<group>"; };
		B9D20CD04C45B6488B4BD606 /* libPods-Dude WatchKit Extension.a */ = {isa = PBXFileReference; explicitFileType = archive.ar; includeInIndex = 0; path = "libPods-Dude WatchKit Extension.a"; sourceTree = BUILT_PRODUCTS_DIR; };
		BB967A64F79CD5027FF2DFFD /* Pods-Watch Extension.debug.xcconfig */ = {isa = PBXFileReference; includeInIndex = 1; lastKnownFileType = text.xcconfig; name = "Pods-Watch Extension.debug.xcconfig"; path = "Pods/Target Support Files/Pods-Watch Extension/Pods-Watch Extension.debug.xcconfig"; sourceTree = "<group>"; };
		C3802F3F759C4315D42B1EB8 /* Pods.release.xcconfig */ = {isa = PBXFileReference; includeInIndex = 1; lastKnownFileType = text.xcconfig; name = Pods.release.xcconfig; path = "Pods/Target Support Files/Pods/Pods.release.xcconfig"; sourceTree = "<group>"; };
		DA19B0A21A374CB300ADDAF1 /* RedirectionViewController.h */ = {isa = PBXFileReference; fileEncoding = 4; lastKnownFileType = sourcecode.c.h; name = RedirectionViewController.h; path = Classes/Controllers/RedirectionViewController.h; sourceTree = "<group>"; };
		DA19B0A31A374CB300ADDAF1 /* RedirectionViewController.m */ = {isa = PBXFileReference; fileEncoding = 4; lastKnownFileType = sourcecode.c.objc; name = RedirectionViewController.m; path = Classes/Controllers/RedirectionViewController.m; sourceTree = "<group>"; };
		DA4262901B1EE4B100560925 /* UsersTableViewController.h */ = {isa = PBXFileReference; fileEncoding = 4; lastKnownFileType = sourcecode.c.h; name = UsersTableViewController.h; path = Classes/Controllers/UsersTableViewController.h; sourceTree = "<group>"; };
		DA4262911B1EE4B100560925 /* UsersTableViewController.m */ = {isa = PBXFileReference; fileEncoding = 4; lastKnownFileType = sourcecode.c.objc; name = UsersTableViewController.m; path = Classes/Controllers/UsersTableViewController.m; sourceTree = "<group>"; };
		DA6EB6291B2351EC00362033 /* MessagesTableViewController.h */ = {isa = PBXFileReference; fileEncoding = 4; lastKnownFileType = sourcecode.c.h; name = MessagesTableViewController.h; path = Classes/Controllers/MessagesTableViewController.h; sourceTree = "<group>"; };
		DA6EB62A1B2351EC00362033 /* MessagesTableViewController.m */ = {isa = PBXFileReference; fileEncoding = 4; lastKnownFileType = sourcecode.c.objc; name = MessagesTableViewController.m; path = Classes/Controllers/MessagesTableViewController.m; sourceTree = "<group>"; };
		DA6F4C481A1E439800D40186 /* Dude.app */ = {isa = PBXFileReference; explicitFileType = wrapper.application; includeInIndex = 0; path = Dude.app; sourceTree = BUILT_PRODUCTS_DIR; };
		DA6F4C4C1A1E439800D40186 /* Info.plist */ = {isa = PBXFileReference; lastKnownFileType = text.plist.xml; path = Info.plist; sourceTree = "<group>"; };
		DA6F4C4D1A1E439800D40186 /* main.m */ = {isa = PBXFileReference; lastKnownFileType = sourcecode.c.objc; path = main.m; sourceTree = "<group>"; };
		DA6F4C4F1A1E439800D40186 /* AppDelegate.h */ = {isa = PBXFileReference; lastKnownFileType = sourcecode.c.h; name = AppDelegate.h; path = "Classes/App Delegate/AppDelegate.h"; sourceTree = "<group>"; };
		DA6F4C501A1E439800D40186 /* AppDelegate.m */ = {isa = PBXFileReference; lastKnownFileType = sourcecode.c.objc; name = AppDelegate.m; path = "Classes/App Delegate/AppDelegate.m"; sourceTree = "<group>"; };
		DA6F4C561A1E439800D40186 /* Base */ = {isa = PBXFileReference; lastKnownFileType = file.storyboard; name = Base; path = Base.lproj/Main.storyboard; sourceTree = "<group>"; };
		DA6F4C581A1E439800D40186 /* Images.xcassets */ = {isa = PBXFileReference; lastKnownFileType = folder.assetcatalog; path = Images.xcassets; sourceTree = "<group>"; };
		DA8E11C31AD6A3DD005F9CF2 /* UIImage+Alpha.h */ = {isa = PBXFileReference; fileEncoding = 4; lastKnownFileType = sourcecode.c.h; path = "UIImage+Alpha.h"; sourceTree = "<group>"; };
		DA8E11C41AD6A3DD005F9CF2 /* UIImage+Alpha.m */ = {isa = PBXFileReference; fileEncoding = 4; lastKnownFileType = sourcecode.c.objc; path = "UIImage+Alpha.m"; sourceTree = "<group>"; };
		DA8E11C51AD6A3DD005F9CF2 /* UIImage+Resize.h */ = {isa = PBXFileReference; fileEncoding = 4; lastKnownFileType = sourcecode.c.h; path = "UIImage+Resize.h"; sourceTree = "<group>"; };
		DA8E11C61AD6A3DD005F9CF2 /* UIImage+Resize.m */ = {isa = PBXFileReference; fileEncoding = 4; lastKnownFileType = sourcecode.c.objc; path = "UIImage+Resize.m"; sourceTree = "<group>"; };
		DA8E11C71AD6A3DD005F9CF2 /* UIImage+RoundedCorner.h */ = {isa = PBXFileReference; fileEncoding = 4; lastKnownFileType = sourcecode.c.h; path = "UIImage+RoundedCorner.h"; sourceTree = "<group>"; };
		DA8E11C81AD6A3DD005F9CF2 /* UIImage+RoundedCorner.m */ = {isa = PBXFileReference; fileEncoding = 4; lastKnownFileType = sourcecode.c.objc; path = "UIImage+RoundedCorner.m"; sourceTree = "<group>"; };
		DAB5FCAB1AC69314003D8062 /* NSStringExtensions.h */ = {isa = PBXFileReference; fileEncoding = 4; lastKnownFileType = sourcecode.c.h; path = NSStringExtensions.h; sourceTree = "<group>"; };
		DAB5FCAC1AC69314003D8062 /* NSStringExtensions.m */ = {isa = PBXFileReference; fileEncoding = 4; lastKnownFileType = sourcecode.c.objc; path = NSStringExtensions.m; sourceTree = "<group>"; };
		DAB605EF1B2002FA00341828 /* DUser.h */ = {isa = PBXFileReference; fileEncoding = 4; lastKnownFileType = sourcecode.c.h; path = DUser.h; sourceTree = "<group>"; };
		DAB605F01B2002FA00341828 /* DUser.m */ = {isa = PBXFileReference; fileEncoding = 4; lastKnownFileType = sourcecode.c.objc; path = DUser.m; sourceTree = "<group>"; };
		DAB605FA1B20D22500341828 /* Dude.entitlements */ = {isa = PBXFileReference; lastKnownFileType = text.xml; path = Dude.entitlements; sourceTree = "<group>"; };
		DAC01B491B1DD6C80008FFF4 /* Constants.h */ = {isa = PBXFileReference; fileEncoding = 4; lastKnownFileType = sourcecode.c.h; name = Constants.h; path = Utils/Constants.h; sourceTree = "<group>"; };
		DAC3B8251B21B67200C303CD /* SignUpViewController.h */ = {isa = PBXFileReference; fileEncoding = 4; lastKnownFileType = sourcecode.c.h; name = SignUpViewController.h; path = Classes/Controllers/SignUpViewController.h; sourceTree = "<group>"; };
		DAC3B8261B21B67200C303CD /* SignUpViewController.m */ = {isa = PBXFileReference; fileEncoding = 4; lastKnownFileType = sourcecode.c.objc; name = SignUpViewController.m; path = Classes/Controllers/SignUpViewController.m; sourceTree = "<group>"; };
		DACEE7CD1AAF67BD00B958F0 /* MessagesManager.h */ = {isa = PBXFileReference; fileEncoding = 4; lastKnownFileType = sourcecode.c.h; name = MessagesManager.h; path = "Classes/Managers/Messages Manager/MessagesManager.h"; sourceTree = "<group>"; };
		DACEE7CE1AAF67BD00B958F0 /* MessagesManager.m */ = {isa = PBXFileReference; fileEncoding = 4; lastKnownFileType = sourcecode.c.objc; lineEnding = 0; name = MessagesManager.m; path = "Classes/Managers/Messages Manager/MessagesManager.m"; sourceTree = "<group>"; xcLanguageSpecificationIdentifier = xcode.lang.objc; };
		DACEE7D11AAF67E200B958F0 /* ContactsManager.h */ = {isa = PBXFileReference; fileEncoding = 4; lastKnownFileType = sourcecode.c.h; name = ContactsManager.h; path = "Classes/Managers/Contacts Manager/ContactsManager.h"; sourceTree = "<group>"; };
		DACEE7D21AAF67E200B958F0 /* ContactsManager.m */ = {isa = PBXFileReference; fileEncoding = 4; lastKnownFileType = sourcecode.c.objc; name = ContactsManager.m; path = "Classes/Managers/Contacts Manager/ContactsManager.m"; sourceTree = "<group>"; };
		DACEE7D51AB02DB200B958F0 /* UIImageExtensions.h */ = {isa = PBXFileReference; fileEncoding = 4; lastKnownFileType = sourcecode.c.h; path = UIImageExtensions.h; sourceTree = "<group>"; };
		DACEE7D61AB02DB200B958F0 /* UIImageExtensions.m */ = {isa = PBXFileReference; fileEncoding = 4; lastKnownFileType = sourcecode.c.objc; path = UIImageExtensions.m; sourceTree = "<group>"; };
		DAEF37651B1E1A2100391DD0 /* ProfileViewController.h */ = {isa = PBXFileReference; fileEncoding = 4; lastKnownFileType = sourcecode.c.h; name = ProfileViewController.h; path = Classes/Controllers/ProfileViewController.h; sourceTree = "<group>"; };
		DAEF37661B1E1A2100391DD0 /* ProfileViewController.m */ = {isa = PBXFileReference; fileEncoding = 4; lastKnownFileType = sourcecode.c.objc; name = ProfileViewController.m; path = Classes/Controllers/ProfileViewController.m; sourceTree = "<group>"; };
		DAF7FC4A1B31FECE008F7A96 /* DMessage.h */ = {isa = PBXFileReference; fileEncoding = 4; lastKnownFileType = sourcecode.c.h; path = DMessage.h; sourceTree = "<group>"; };
		DAF7FC4B1B31FECE008F7A96 /* DMessage.m */ = {isa = PBXFileReference; fileEncoding = 4; lastKnownFileType = sourcecode.c.objc; path = DMessage.m; sourceTree = "<group>"; };
		FB02EF551C0B3E890010B916 /* AddressBook.framework */ = {isa = PBXFileReference; lastKnownFileType = wrapper.framework; name = AddressBook.framework; path = System/Library/Frameworks/AddressBook.framework; sourceTree = SDKROOT; };
		FB02EF571C0B3E8F0010B916 /* UIKit.framework */ = {isa = PBXFileReference; lastKnownFileType = wrapper.framework; name = UIKit.framework; path = System/Library/Frameworks/UIKit.framework; sourceTree = SDKROOT; };
		FB02EF591C0B3EA20010B916 /* Accounts.framework */ = {isa = PBXFileReference; lastKnownFileType = wrapper.framework; name = Accounts.framework; path = System/Library/Frameworks/Accounts.framework; sourceTree = SDKROOT; };
		FB02EF5B1C0B3EC10010B916 /* CoreLocation.framework */ = {isa = PBXFileReference; lastKnownFileType = wrapper.framework; name = CoreLocation.framework; path = System/Library/Frameworks/CoreLocation.framework; sourceTree = SDKROOT; };
		FB02EF5D1C0B3EC70010B916 /* Foundation.framework */ = {isa = PBXFileReference; lastKnownFileType = wrapper.framework; name = Foundation.framework; path = System/Library/Frameworks/Foundation.framework; sourceTree = SDKROOT; };
		FB02EF5F1C0B3EE20010B916 /* Social.framework */ = {isa = PBXFileReference; lastKnownFileType = wrapper.framework; name = Social.framework; path = System/Library/Frameworks/Social.framework; sourceTree = SDKROOT; };
		FB02EF611C0B3EED0010B916 /* Contacts.framework */ = {isa = PBXFileReference; lastKnownFileType = wrapper.framework; name = Contacts.framework; path = System/Library/Frameworks/Contacts.framework; sourceTree = SDKROOT; };
		FB02EF691C0B53650010B916 /* DUserWatch.h */ = {isa = PBXFileReference; fileEncoding = 4; lastKnownFileType = sourcecode.c.h; path = DUserWatch.h; sourceTree = "<group>"; };
		FB02EF6A1C0B53650010B916 /* DUserWatch.m */ = {isa = PBXFileReference; fileEncoding = 4; lastKnownFileType = sourcecode.c.objc; path = DUserWatch.m; sourceTree = "<group>"; };
		FB0CBF871C0762CD0043F89E /* WatchConnectivity.framework */ = {isa = PBXFileReference; lastKnownFileType = wrapper.framework; name = WatchConnectivity.framework; path = Platforms/WatchOS.platform/Developer/SDKs/WatchOS2.0.sdk/System/Library/Frameworks/WatchConnectivity.framework; sourceTree = DEVELOPER_DIR; };
		FB1FF5671B8A2119001831D9 /* WelcomeViewController.h */ = {isa = PBXFileReference; fileEncoding = 4; lastKnownFileType = sourcecode.c.h; name = WelcomeViewController.h; path = Classes/Controllers/WelcomeViewController.h; sourceTree = "<group>"; };
		FB1FF5681B8A2119001831D9 /* WelcomeViewController.m */ = {isa = PBXFileReference; fileEncoding = 4; lastKnownFileType = sourcecode.c.objc; name = WelcomeViewController.m; path = Classes/Controllers/WelcomeViewController.m; sourceTree = "<group>"; };
		FB2FAF6F1B514FE70055018B /* Launch Screen.xib */ = {isa = PBXFileReference; fileEncoding = 4; lastKnownFileType = file.xib; name = "Launch Screen.xib"; path = "Base.lproj/Launch Screen.xib"; sourceTree = "<group>"; };
		FB4C5D911BF5EFA8002B5A58 /* Watch App.app */ = {isa = PBXFileReference; explicitFileType = wrapper.application; includeInIndex = 0; path = "Watch App.app"; sourceTree = BUILT_PRODUCTS_DIR; };
		FB4C5D941BF5EFA8002B5A58 /* Base */ = {isa = PBXFileReference; lastKnownFileType = file.storyboard; name = Base; path = Base.lproj/Interface.storyboard; sourceTree = "<group>"; };
		FB4C5D961BF5EFA8002B5A58 /* Assets.xcassets */ = {isa = PBXFileReference; lastKnownFileType = folder.assetcatalog; path = Assets.xcassets; sourceTree = "<group>"; };
		FB4C5D981BF5EFA8002B5A58 /* Info.plist */ = {isa = PBXFileReference; lastKnownFileType = text.plist.xml; path = Info.plist; sourceTree = "<group>"; };
		FB4C5D9D1BF5EFA8002B5A58 /* Watch Extension.appex */ = {isa = PBXFileReference; explicitFileType = "wrapper.app-extension"; includeInIndex = 0; path = "Watch Extension.appex"; sourceTree = BUILT_PRODUCTS_DIR; };
		FB4C5DA31BF5EFA8002B5A58 /* PushNotificationPayload.apns */ = {isa = PBXFileReference; lastKnownFileType = text; path = PushNotificationPayload.apns; sourceTree = "<group>"; };
		FB4C5DA41BF5EFA8002B5A58 /* InterfaceController.h */ = {isa = PBXFileReference; lastKnownFileType = sourcecode.c.h; path = InterfaceController.h; sourceTree = "<group>"; };
		FB4C5DA51BF5EFA8002B5A58 /* InterfaceController.m */ = {isa = PBXFileReference; lastKnownFileType = sourcecode.c.objc; path = InterfaceController.m; sourceTree = "<group>"; };
		FB4C5DA71BF5EFA8002B5A58 /* ExtensionDelegate.h */ = {isa = PBXFileReference; lastKnownFileType = sourcecode.c.h; path = ExtensionDelegate.h; sourceTree = "<group>"; };
		FB4C5DA81BF5EFA8002B5A58 /* ExtensionDelegate.m */ = {isa = PBXFileReference; lastKnownFileType = sourcecode.c.objc; path = ExtensionDelegate.m; sourceTree = "<group>"; };
		FB4C5DAA1BF5EFA8002B5A58 /* NotificationController.h */ = {isa = PBXFileReference; lastKnownFileType = sourcecode.c.h; path = NotificationController.h; sourceTree = "<group>"; };
		FB4C5DAB1BF5EFA8002B5A58 /* NotificationController.m */ = {isa = PBXFileReference; lastKnownFileType = sourcecode.c.objc; path = NotificationController.m; sourceTree = "<group>"; };
		FB4C5DAD1BF5EFA8002B5A58 /* Assets.xcassets */ = {isa = PBXFileReference; lastKnownFileType = folder.assetcatalog; path = Assets.xcassets; sourceTree = "<group>"; };
		FB4C5DAF1BF5EFA8002B5A58 /* Info.plist */ = {isa = PBXFileReference; lastKnownFileType = text.plist.xml; path = Info.plist; sourceTree = "<group>"; };
		FB4C5DBA1BF5F0AE002B5A58 /* MessageInterfaceController.h */ = {isa = PBXFileReference; fileEncoding = 4; lastKnownFileType = sourcecode.c.h; path = MessageInterfaceController.h; sourceTree = "<group>"; };
		FB4C5DBB1BF5F0AE002B5A58 /* MessageInterfaceController.m */ = {isa = PBXFileReference; fileEncoding = 4; lastKnownFileType = sourcecode.c.objc; path = MessageInterfaceController.m; sourceTree = "<group>"; };
		FB4C5DBD1BF5F0BA002B5A58 /* RowController.h */ = {isa = PBXFileReference; fileEncoding = 4; lastKnownFileType = sourcecode.c.h; path = RowController.h; sourceTree = "<group>"; };
		FB4C5DBE1BF5F0BA002B5A58 /* RowController.m */ = {isa = PBXFileReference; fileEncoding = 4; lastKnownFileType = sourcecode.c.objc; path = RowController.m; sourceTree = "<group>"; };
		FB4FC3C51BAD938900FC5F01 /* QNSURLConnection.h */ = {isa = PBXFileReference; fileEncoding = 4; lastKnownFileType = sourcecode.c.h; name = QNSURLConnection.h; path = QNSURLConnection/QNSURLConnection.h; sourceTree = "<group>"; };
		FB4FC3C61BAD938900FC5F01 /* QNSURLConnection.m */ = {isa = PBXFileReference; fileEncoding = 4; lastKnownFileType = sourcecode.c.objc; name = QNSURLConnection.m; path = QNSURLConnection/QNSURLConnection.m; sourceTree = "<group>"; };
		FB4FC3C91BAD976200FC5F01 /* StoreKit.framework */ = {isa = PBXFileReference; lastKnownFileType = wrapper.framework; name = StoreKit.framework; path = System/Library/Frameworks/StoreKit.framework; sourceTree = SDKROOT; };
		FB6F4E231C2FF2830083DCD8 /* ComposeSheetViewController.h */ = {isa = PBXFileReference; fileEncoding = 4; lastKnownFileType = sourcecode.c.h; name = ComposeSheetViewController.h; path = Classes/Controllers/ComposeSheetViewController.h; sourceTree = "<group>"; };
		FB6F4E241C2FF2830083DCD8 /* ComposeSheetViewController.m */ = {isa = PBXFileReference; fileEncoding = 4; lastKnownFileType = sourcecode.c.objc; name = ComposeSheetViewController.m; path = Classes/Controllers/ComposeSheetViewController.m; sourceTree = "<group>"; };
		FBA0019D1C23217E00E9A263 /* Watch Extension.entitlements */ = {isa = PBXFileReference; lastKnownFileType = text.xml; path = "Watch Extension.entitlements"; sourceTree = SOURCE_ROOT; };
		FBA0019E1C23218600E9A263 /* Watch App.entitlements */ = {isa = PBXFileReference; lastKnownFileType = text.xml; path = "Watch App.entitlements"; sourceTree = SOURCE_ROOT; };
		FBDE26D51B81E0B5006485D0 /* SlidingSegues.h */ = {isa = PBXFileReference; fileEncoding = 4; lastKnownFileType = sourcecode.c.h; path = SlidingSegues.h; sourceTree = "<group>"; };
		FBDE26D61B81E0B5006485D0 /* SlidingSegues.m */ = {isa = PBXFileReference; fileEncoding = 4; lastKnownFileType = sourcecode.c.objc; path = SlidingSegues.m; sourceTree = "<group>"; };
/* End PBXFileReference section */

/* Begin PBXFrameworksBuildPhase section */
		DA6F4C451A1E439800D40186 /* Frameworks */ = {
			isa = PBXFrameworksBuildPhase;
			buildActionMask = 2147483647;
			files = (
				FB02EF621C0B3EED0010B916 /* Contacts.framework in Frameworks */,
				FB02EF601C0B3EE20010B916 /* Social.framework in Frameworks */,
				FB02EF5E1C0B3EC70010B916 /* Foundation.framework in Frameworks */,
				FB02EF5C1C0B3EC10010B916 /* CoreLocation.framework in Frameworks */,
				FB02EF5A1C0B3EA20010B916 /* Accounts.framework in Frameworks */,
				FB02EF581C0B3E8F0010B916 /* UIKit.framework in Frameworks */,
				8D8D5F4A1732FB4AFE56C405 /* libPods-Dude.a in Frameworks */,
			);
			runOnlyForDeploymentPostprocessing = 0;
		};
		FB4C5D9A1BF5EFA8002B5A58 /* Frameworks */ = {
			isa = PBXFrameworksBuildPhase;
			buildActionMask = 2147483647;
			files = (
				FB0CBF881C0762CD0043F89E /* WatchConnectivity.framework in Frameworks */,
				785C91B1399C65BD9D713311 /* libPods-Watch Extension.a in Frameworks */,
			);
			runOnlyForDeploymentPostprocessing = 0;
		};
/* End PBXFrameworksBuildPhase section */

/* Begin PBXGroup section */
		8FA94C52D42A3F43AC752D63 /* Pods */ = {
			isa = PBXGroup;
			children = (
				75B3C97C9D72622B3B5366A4 /* Pods.debug.xcconfig */,
				C3802F3F759C4315D42B1EB8 /* Pods.release.xcconfig */,
				ACE3606FD64BC1D0EE808FD3 /* Pods-Dude.debug.xcconfig */,
				9AAA7A7751B1484B7654D2CB /* Pods-Dude.release.xcconfig */,
				6B2E942D159655935D14FDBD /* Pods-Dude WatchKit Extension.debug.xcconfig */,
				23B478C0D797D16066E2FF6E /* Pods-Dude WatchKit Extension.release.xcconfig */,
				BB967A64F79CD5027FF2DFFD /* Pods-Watch Extension.debug.xcconfig */,
				6385CC7AFC34B2E9DF045186 /* Pods-Watch Extension.release.xcconfig */,
			);
			name = Pods;
			sourceTree = "<group>";
		};
		DA6F4C3F1A1E439800D40186 = {
			isa = PBXGroup;
			children = (
				DA6F4C4A1A1E439800D40186 /* Dude */,
				FB4C5D921BF5EFA8002B5A58 /* Watch App */,
				FB4C5DA11BF5EFA8002B5A58 /* Watch Extension */,
				DA6F4C491A1E439800D40186 /* Products */,
				8FA94C52D42A3F43AC752D63 /* Pods */,
				F569341E6D59A1D0A110C94E /* Frameworks */,
			);
			sourceTree = "<group>";
		};
		DA6F4C491A1E439800D40186 /* Products */ = {
			isa = PBXGroup;
			children = (
				DA6F4C481A1E439800D40186 /* Dude.app */,
				FB4C5D911BF5EFA8002B5A58 /* Watch App.app */,
				FB4C5D9D1BF5EFA8002B5A58 /* Watch Extension.appex */,
			);
			name = Products;
			sourceTree = "<group>";
		};
		DA6F4C4A1A1E439800D40186 /* Dude */ = {
			isa = PBXGroup;
			children = (
				DAC01B4A1B1DD7FB0008FFF4 /* Classes */,
				DAC01B4B1B1DD8000008FFF4 /* Utils */,
				DAC01B4C1B1DD8070008FFF4 /* Assets */,
				DA6F4C4B1A1E439800D40186 /* Supporting Files */,
			);
			path = Dude;
			sourceTree = "<group>";
		};
		DA6F4C4B1A1E439800D40186 /* Supporting Files */ = {
			isa = PBXGroup;
			children = (
				DAB605FA1B20D22500341828 /* Dude.entitlements */,
				DA6F4C4C1A1E439800D40186 /* Info.plist */,
				DA6F4C4D1A1E439800D40186 /* main.m */,
			);
			name = "Supporting Files";
			sourceTree = "<group>";
		};
		DAB5FCAF1AC69449003D8062 /* NSString Extensions */ = {
			isa = PBXGroup;
			children = (
				DAB5FCAB1AC69314003D8062 /* NSStringExtensions.h */,
				DAB5FCAC1AC69314003D8062 /* NSStringExtensions.m */,
			);
			name = "NSString Extensions";
			path = NSStringExtensions;
			sourceTree = "<group>";
		};
		DAC01B4A1B1DD7FB0008FFF4 /* Classes */ = {
			isa = PBXGroup;
			children = (
				DAC01B4D1B1DD8110008FFF4 /* App Delegate */,
				DAC01B4E1B1DD8160008FFF4 /* Controllers */,
				DAEF37691B1E1C6E00391DD0 /* Models */,
				DAEF37681B1E1C5300391DD0 /* Managers */,
				DAEF376B1B1E1D3300391DD0 /* Extensions & Categories */,
			);
			name = Classes;
			sourceTree = "<group>";
		};
		DAC01B4B1B1DD8000008FFF4 /* Utils */ = {
			isa = PBXGroup;
			children = (
				DAC01B491B1DD6C80008FFF4 /* Constants.h */,
			);
			name = Utils;
			sourceTree = "<group>";
		};
		DAC01B4C1B1DD8070008FFF4 /* Assets */ = {
			isa = PBXGroup;
			children = (
				DAC01B4F1B1DD8240008FFF4 /* Storyboards */,
				DA6F4C581A1E439800D40186 /* Images.xcassets */,
			);
			name = Assets;
			sourceTree = "<group>";
		};
		DAC01B4D1B1DD8110008FFF4 /* App Delegate */ = {
			isa = PBXGroup;
			children = (
				DA6F4C4F1A1E439800D40186 /* AppDelegate.h */,
				DA6F4C501A1E439800D40186 /* AppDelegate.m */,
			);
			name = "App Delegate";
			sourceTree = "<group>";
		};
		DAC01B4E1B1DD8160008FFF4 /* Controllers */ = {
			isa = PBXGroup;
			children = (
				DA19B0A21A374CB300ADDAF1 /* RedirectionViewController.h */,
				DA19B0A31A374CB300ADDAF1 /* RedirectionViewController.m */,
				FB1FF5671B8A2119001831D9 /* WelcomeViewController.h */,
				FB1FF5681B8A2119001831D9 /* WelcomeViewController.m */,
				DAC3B8251B21B67200C303CD /* SignUpViewController.h */,
				DAC3B8261B21B67200C303CD /* SignUpViewController.m */,
				DA4262901B1EE4B100560925 /* UsersTableViewController.h */,
				DA4262911B1EE4B100560925 /* UsersTableViewController.m */,
				DAEF37651B1E1A2100391DD0 /* ProfileViewController.h */,
				DAEF37661B1E1A2100391DD0 /* ProfileViewController.m */,
				DA6EB6291B2351EC00362033 /* MessagesTableViewController.h */,
				DA6EB62A1B2351EC00362033 /* MessagesTableViewController.m */,
				FB6F4E231C2FF2830083DCD8 /* ComposeSheetViewController.h */,
				FB6F4E241C2FF2830083DCD8 /* ComposeSheetViewController.m */,
			);
			name = Controllers;
			sourceTree = "<group>";
		};
		DAC01B4F1B1DD8240008FFF4 /* Storyboards */ = {
			isa = PBXGroup;
			children = (
				FB2FAF6F1B514FE70055018B /* Launch Screen.xib */,
				DA6F4C551A1E439800D40186 /* Main.storyboard */,
			);
			name = Storyboards;
			sourceTree = "<group>";
		};
		DACEE7D01AAF67CC00B958F0 /* Messages Manager */ = {
			isa = PBXGroup;
			children = (
				DACEE7CD1AAF67BD00B958F0 /* MessagesManager.h */,
				DACEE7CE1AAF67BD00B958F0 /* MessagesManager.m */,
			);
			name = "Messages Manager";
			sourceTree = "<group>";
		};
		DACEE7D41AAF67EC00B958F0 /* Contacts Manager */ = {
			isa = PBXGroup;
			children = (
				DACEE7D11AAF67E200B958F0 /* ContactsManager.h */,
				DACEE7D21AAF67E200B958F0 /* ContactsManager.m */,
			);
			name = "Contacts Manager";
			sourceTree = "<group>";
		};
		DACEE7D81AB02DF000B958F0 /* UIImage Extensions */ = {
			isa = PBXGroup;
			children = (
				DACEE7D51AB02DB200B958F0 /* UIImageExtensions.h */,
				DACEE7D61AB02DB200B958F0 /* UIImageExtensions.m */,
				DA8E11C31AD6A3DD005F9CF2 /* UIImage+Alpha.h */,
				DA8E11C41AD6A3DD005F9CF2 /* UIImage+Alpha.m */,
				DA8E11C51AD6A3DD005F9CF2 /* UIImage+Resize.h */,
				DA8E11C61AD6A3DD005F9CF2 /* UIImage+Resize.m */,
				DA8E11C71AD6A3DD005F9CF2 /* UIImage+RoundedCorner.h */,
				DA8E11C81AD6A3DD005F9CF2 /* UIImage+RoundedCorner.m */,
			);
			name = "UIImage Extensions";
			path = UIImageExtensions;
			sourceTree = "<group>";
		};
		DAEF37681B1E1C5300391DD0 /* Managers */ = {
			isa = PBXGroup;
			children = (
				DACEE7D41AAF67EC00B958F0 /* Contacts Manager */,
				DACEE7D01AAF67CC00B958F0 /* Messages Manager */,
			);
			name = Managers;
			sourceTree = "<group>";
		};
		DAEF37691B1E1C6E00391DD0 /* Models */ = {
			isa = PBXGroup;
			children = (
				DAF7FC4E1B31FED6008F7A96 /* DMessage */,
				DAF7FC491B31FE34008F7A96 /* DUser */,
			);
			name = Models;
			sourceTree = "<group>";
		};
		DAEF376B1B1E1D3300391DD0 /* Extensions & Categories */ = {
			isa = PBXGroup;
			children = (
				FB4FC3C81BAD939900FC5F01 /* QNSURLConnection */,
				FBDE26D81B81E0C3006485D0 /* Custom Segues */,
				DAB5FCAF1AC69449003D8062 /* NSString Extensions */,
				DACEE7D81AB02DF000B958F0 /* UIImage Extensions */,
			);
			name = "Extensions & Categories";
			path = "Classes/Extensions & Categories";
			sourceTree = "<group>";
		};
		DAF7FC491B31FE34008F7A96 /* DUser */ = {
			isa = PBXGroup;
			children = (
				DAB605EF1B2002FA00341828 /* DUser.h */,
				DAB605F01B2002FA00341828 /* DUser.m */,
			);
			name = DUser;
			path = Classes/Models/DUser;
			sourceTree = "<group>";
		};
		DAF7FC4E1B31FED6008F7A96 /* DMessage */ = {
			isa = PBXGroup;
			children = (
				DAF7FC4A1B31FECE008F7A96 /* DMessage.h */,
				DAF7FC4B1B31FECE008F7A96 /* DMessage.m */,
			);
			name = DMessage;
			path = Classes/Models/DMessage;
			sourceTree = "<group>";
		};
		F569341E6D59A1D0A110C94E /* Frameworks */ = {
			isa = PBXGroup;
			children = (
				FB02EF611C0B3EED0010B916 /* Contacts.framework */,
				FB02EF5F1C0B3EE20010B916 /* Social.framework */,
				FB02EF5D1C0B3EC70010B916 /* Foundation.framework */,
				FB02EF5B1C0B3EC10010B916 /* CoreLocation.framework */,
				FB02EF591C0B3EA20010B916 /* Accounts.framework */,
				FB02EF571C0B3E8F0010B916 /* UIKit.framework */,
				FB02EF551C0B3E890010B916 /* AddressBook.framework */,
				FB0CBF871C0762CD0043F89E /* WatchConnectivity.framework */,
				FB4FC3C91BAD976200FC5F01 /* StoreKit.framework */,
				36FE9D7EADA7F3FC5FE9C82C /* libPods.a */,
				0F673BF28C1C27641C653380 /* libPods-Dude.a */,
				B9D20CD04C45B6488B4BD606 /* libPods-Dude WatchKit Extension.a */,
				A07BB0034BDBACA7E700CAA8 /* libPods-Watch Extension.a */,
			);
			name = Frameworks;
			sourceTree = "<group>";
		};
		FB02EF651C0B53400010B916 /* Controllers */ = {
			isa = PBXGroup;
			children = (
				FB4C5DA71BF5EFA8002B5A58 /* ExtensionDelegate.h */,
				FB4C5DA81BF5EFA8002B5A58 /* ExtensionDelegate.m */,
				FB4C5DA41BF5EFA8002B5A58 /* InterfaceController.h */,
				FB4C5DA51BF5EFA8002B5A58 /* InterfaceController.m */,
				FB4C5DBA1BF5F0AE002B5A58 /* MessageInterfaceController.h */,
				FB4C5DBB1BF5F0AE002B5A58 /* MessageInterfaceController.m */,
				FB4C5DBD1BF5F0BA002B5A58 /* RowController.h */,
				FB4C5DBE1BF5F0BA002B5A58 /* RowController.m */,
				FB4C5DAA1BF5EFA8002B5A58 /* NotificationController.h */,
				FB4C5DAB1BF5EFA8002B5A58 /* NotificationController.m */,
			);
			name = Controllers;
			sourceTree = "<group>";
		};
		FB02EF6C1C0B53690010B916 /* Models */ = {
			isa = PBXGroup;
			children = (
				FB02EF691C0B53650010B916 /* DUserWatch.h */,
				FB02EF6A1C0B53650010B916 /* DUserWatch.m */,
			);
			name = Models;
			sourceTree = "<group>";
		};
		FB02EF6D1C0B53720010B916 /* Classes */ = {
			isa = PBXGroup;
			children = (
				FB02EF6C1C0B53690010B916 /* Models */,
				FB02EF651C0B53400010B916 /* Controllers */,
			);
			name = Classes;
			sourceTree = "<group>";
		};
		FB02EF6E1C0B537A0010B916 /* Assets */ = {
			isa = PBXGroup;
			children = (
				FB4C5DAD1BF5EFA8002B5A58 /* Assets.xcassets */,
			);
			name = Assets;
			sourceTree = "<group>";
		};
		FB4C5D921BF5EFA8002B5A58 /* Watch App */ = {
			isa = PBXGroup;
			children = (
				FBA0019E1C23218600E9A263 /* Watch App.entitlements */,
				FB4C5D931BF5EFA8002B5A58 /* Interface.storyboard */,
				FB4C5D961BF5EFA8002B5A58 /* Assets.xcassets */,
				FB4C5D981BF5EFA8002B5A58 /* Info.plist */,
			);
			name = "Watch App";
			path = watchkitapp;
			sourceTree = "<group>";
		};
		FB4C5DA11BF5EFA8002B5A58 /* Watch Extension */ = {
			isa = PBXGroup;
			children = (
				FBA0019D1C23217E00E9A263 /* Watch Extension.entitlements */,
				FB02EF6D1C0B53720010B916 /* Classes */,
				FB02EF6E1C0B537A0010B916 /* Assets */,
				FB4C5DA21BF5EFA8002B5A58 /* Supporting Files */,
			);
			name = "Watch Extension";
			path = "watchkitapp Extension";
			sourceTree = "<group>";
		};
		FB4C5DA21BF5EFA8002B5A58 /* Supporting Files */ = {
			isa = PBXGroup;
			children = (
				FB4C5DAF1BF5EFA8002B5A58 /* Info.plist */,
				FB4C5DA31BF5EFA8002B5A58 /* PushNotificationPayload.apns */,
			);
			name = "Supporting Files";
			sourceTree = "<group>";
		};
		FB4FC3C81BAD939900FC5F01 /* QNSURLConnection */ = {
			isa = PBXGroup;
			children = (
				FB4FC3C51BAD938900FC5F01 /* QNSURLConnection.h */,
				FB4FC3C61BAD938900FC5F01 /* QNSURLConnection.m */,
			);
			name = QNSURLConnection;
			sourceTree = "<group>";
		};
		FBDE26D81B81E0C3006485D0 /* Custom Segues */ = {
			isa = PBXGroup;
			children = (
				FBDE26D51B81E0B5006485D0 /* SlidingSegues.h */,
				FBDE26D61B81E0B5006485D0 /* SlidingSegues.m */,
			);
			name = "Custom Segues";
			sourceTree = "<group>";
		};
/* End PBXGroup section */

/* Begin PBXNativeTarget section */
		DA6F4C471A1E439800D40186 /* Dude */ = {
			isa = PBXNativeTarget;
			buildConfigurationList = DA6F4C6B1A1E439800D40186 /* Build configuration list for PBXNativeTarget "Dude" */;
			buildPhases = (
				2E2D69A0D1D673D6218D8317 /* Check Pods Manifest.lock */,
				DA6F4C441A1E439800D40186 /* Sources */,
				DA3061721AD7F79300144521 /* ShellScript */,
				DA6F4C451A1E439800D40186 /* Frameworks */,
				DA6F4C461A1E439800D40186 /* Resources */,
				86E84E083F81776A86D109A5 /* Copy Pods Resources */,
				FB4FC3C41BAD90AB00FC5F01 /* Embed Watch Content */,
				DD427EDEE0D2E5C08456A586 /* Embed Pods Frameworks */,
			);
			buildRules = (
			);
			dependencies = (
				FB4C5DB11BF5EFA8002B5A58 /* PBXTargetDependency */,
			);
			name = Dude;
			productName = Dude;
			productReference = DA6F4C481A1E439800D40186 /* Dude.app */;
			productType = "com.apple.product-type.application";
		};
		FB4C5D901BF5EFA8002B5A58 /* Watch App */ = {
			isa = PBXNativeTarget;
			buildConfigurationList = FB4C5DB71BF5EFA8002B5A58 /* Build configuration list for PBXNativeTarget "Watch App" */;
			buildPhases = (
				FB4C5D8F1BF5EFA8002B5A58 /* Resources */,
				FB4C5DB61BF5EFA8002B5A58 /* Embed App Extensions */,
			);
			buildRules = (
			);
			dependencies = (
				FB4C5DA01BF5EFA8002B5A58 /* PBXTargetDependency */,
			);
			name = "Watch App";
			productName = watchkitapp;
			productReference = FB4C5D911BF5EFA8002B5A58 /* Watch App.app */;
			productType = "com.apple.product-type.application.watchapp2";
		};
		FB4C5D9C1BF5EFA8002B5A58 /* Watch Extension */ = {
			isa = PBXNativeTarget;
			buildConfigurationList = FB4C5DB31BF5EFA8002B5A58 /* Build configuration list for PBXNativeTarget "Watch Extension" */;
			buildPhases = (
				29BD6CE19D004630BAFC9D6D /* Check Pods Manifest.lock */,
				FB4C5D991BF5EFA8002B5A58 /* Sources */,
				FB4C5D9A1BF5EFA8002B5A58 /* Frameworks */,
				FB4C5D9B1BF5EFA8002B5A58 /* Resources */,
				1B227EB3E6BBDBE114A43129 /* Copy Pods Resources */,
				A41802495F1CE268BE13D5F2 /* Embed Pods Frameworks */,
			);
			buildRules = (
			);
			dependencies = (
			);
			name = "Watch Extension";
			productName = "watchkitapp Extension";
			productReference = FB4C5D9D1BF5EFA8002B5A58 /* Watch Extension.appex */;
			productType = "com.apple.product-type.watchkit2-extension";
		};
/* End PBXNativeTarget section */

/* Begin PBXProject section */
		DA6F4C401A1E439800D40186 /* Project object */ = {
			isa = PBXProject;
			attributes = {
				LastUpgradeCheck = 0700;
				ORGANIZATIONNAME = "Georges Kanaan";
				TargetAttributes = {
					DA6F4C471A1E439800D40186 = {
						CreatedOnToolsVersion = 6.2;
						DevelopmentTeam = 7DTJP5N92F;
						SystemCapabilities = {
							com.apple.ApplicationGroups.iOS = {
								enabled = 1;
							};
							com.apple.InAppPurchase = {
								enabled = 0;
							};
							com.apple.Keychain = {
								enabled = 0;
							};
						};
					};
					FB4C5D901BF5EFA8002B5A58 = {
						CreatedOnToolsVersion = 7.1.1;
						DevelopmentTeam = 7DTJP5N92F;
						SystemCapabilities = {
							com.apple.ApplicationGroups.iOS = {
								enabled = 1;
							};
						};
					};
					FB4C5D9C1BF5EFA8002B5A58 = {
						CreatedOnToolsVersion = 7.1.1;
						DevelopmentTeam = 7DTJP5N92F;
						SystemCapabilities = {
							com.apple.ApplicationGroups.iOS = {
								enabled = 1;
							};
						};
					};
				};
			};
			buildConfigurationList = DA6F4C431A1E439800D40186 /* Build configuration list for PBXProject "Dude" */;
			compatibilityVersion = "Xcode 3.2";
			developmentRegion = English;
			hasScannedForEncodings = 0;
			knownRegions = (
				en,
				Base,
			);
			mainGroup = DA6F4C3F1A1E439800D40186;
			productRefGroup = DA6F4C491A1E439800D40186 /* Products */;
			projectDirPath = "";
			projectRoot = "";
			targets = (
				DA6F4C471A1E439800D40186 /* Dude */,
				FB4C5D901BF5EFA8002B5A58 /* Watch App */,
				FB4C5D9C1BF5EFA8002B5A58 /* Watch Extension */,
			);
		};
/* End PBXProject section */

/* Begin PBXResourcesBuildPhase section */
		DA6F4C461A1E439800D40186 /* Resources */ = {
			isa = PBXResourcesBuildPhase;
			buildActionMask = 2147483647;
			files = (
				DA6F4C571A1E439800D40186 /* Main.storyboard in Resources */,
				DA6F4C591A1E439800D40186 /* Images.xcassets in Resources */,
				FB2FAF701B514FE70055018B /* Launch Screen.xib in Resources */,
			);
			runOnlyForDeploymentPostprocessing = 0;
		};
		FB4C5D8F1BF5EFA8002B5A58 /* Resources */ = {
			isa = PBXResourcesBuildPhase;
			buildActionMask = 2147483647;
			files = (
				FB4C5D971BF5EFA8002B5A58 /* Assets.xcassets in Resources */,
				FB4C5D951BF5EFA8002B5A58 /* Interface.storyboard in Resources */,
			);
			runOnlyForDeploymentPostprocessing = 0;
		};
		FB4C5D9B1BF5EFA8002B5A58 /* Resources */ = {
			isa = PBXResourcesBuildPhase;
			buildActionMask = 2147483647;
			files = (
				FB4C5DAE1BF5EFA8002B5A58 /* Assets.xcassets in Resources */,
			);
			runOnlyForDeploymentPostprocessing = 0;
		};
/* End PBXResourcesBuildPhase section */

/* Begin PBXShellScriptBuildPhase section */
		1B227EB3E6BBDBE114A43129 /* Copy Pods Resources */ = {
			isa = PBXShellScriptBuildPhase;
			buildActionMask = 2147483647;
			files = (
			);
			inputPaths = (
			);
			name = "Copy Pods Resources";
			outputPaths = (
			);
			runOnlyForDeploymentPostprocessing = 0;
			shellPath = /bin/sh;
			shellScript = "\"${SRCROOT}/Pods/Target Support Files/Pods-Watch Extension/Pods-Watch Extension-resources.sh\"\n";
			showEnvVarsInLog = 0;
		};
		29BD6CE19D004630BAFC9D6D /* Check Pods Manifest.lock */ = {
			isa = PBXShellScriptBuildPhase;
			buildActionMask = 2147483647;
			files = (
			);
			inputPaths = (
			);
			name = "Check Pods Manifest.lock";
			outputPaths = (
			);
			runOnlyForDeploymentPostprocessing = 0;
			shellPath = /bin/sh;
			shellScript = "diff \"${PODS_ROOT}/../Podfile.lock\" \"${PODS_ROOT}/Manifest.lock\" > /dev/null\nif [[ $? != 0 ]] ; then\n    cat << EOM\nerror: The sandbox is not in sync with the Podfile.lock. Run 'pod install' or update your CocoaPods installation.\nEOM\n    exit 1\nfi\n";
			showEnvVarsInLog = 0;
		};
		2E2D69A0D1D673D6218D8317 /* Check Pods Manifest.lock */ = {
			isa = PBXShellScriptBuildPhase;
			buildActionMask = 2147483647;
			files = (
			);
			inputPaths = (
			);
			name = "Check Pods Manifest.lock";
			outputPaths = (
			);
			runOnlyForDeploymentPostprocessing = 0;
			shellPath = /bin/sh;
			shellScript = "diff \"${PODS_ROOT}/../Podfile.lock\" \"${PODS_ROOT}/Manifest.lock\" > /dev/null\nif [[ $? != 0 ]] ; then\n    cat << EOM\nerror: The sandbox is not in sync with the Podfile.lock. Run 'pod install' or update your CocoaPods installation.\nEOM\n    exit 1\nfi\n";
			showEnvVarsInLog = 0;
		};
		86E84E083F81776A86D109A5 /* Copy Pods Resources */ = {
			isa = PBXShellScriptBuildPhase;
			buildActionMask = 2147483647;
			files = (
			);
			inputPaths = (
			);
			name = "Copy Pods Resources";
			outputPaths = (
			);
			runOnlyForDeploymentPostprocessing = 0;
			shellPath = /bin/sh;
			shellScript = "\"${SRCROOT}/Pods/Target Support Files/Pods-Dude/Pods-Dude-resources.sh\"\n";
			showEnvVarsInLog = 0;
		};
		A41802495F1CE268BE13D5F2 /* Embed Pods Frameworks */ = {
			isa = PBXShellScriptBuildPhase;
			buildActionMask = 2147483647;
			files = (
			);
			inputPaths = (
			);
			name = "Embed Pods Frameworks";
			outputPaths = (
			);
			runOnlyForDeploymentPostprocessing = 0;
			shellPath = /bin/sh;
			shellScript = "\"${SRCROOT}/Pods/Target Support Files/Pods-Watch Extension/Pods-Watch Extension-frameworks.sh\"\n";
			showEnvVarsInLog = 0;
		};
		DA3061721AD7F79300144521 /* ShellScript */ = {
			isa = PBXShellScriptBuildPhase;
			buildActionMask = 2147483647;
			files = (
			);
			inputPaths = (
			);
			outputPaths = (
			);
			runOnlyForDeploymentPostprocessing = 0;
			shellPath = /bin/sh;
			shellScript = "";
		};
		DD427EDEE0D2E5C08456A586 /* Embed Pods Frameworks */ = {
			isa = PBXShellScriptBuildPhase;
			buildActionMask = 2147483647;
			files = (
			);
			inputPaths = (
			);
			name = "Embed Pods Frameworks";
			outputPaths = (
			);
			runOnlyForDeploymentPostprocessing = 0;
			shellPath = /bin/sh;
			shellScript = "\"${SRCROOT}/Pods/Target Support Files/Pods-Dude/Pods-Dude-frameworks.sh\"\n";
			showEnvVarsInLog = 0;
		};
/* End PBXShellScriptBuildPhase section */

/* Begin PBXSourcesBuildPhase section */
		DA6F4C441A1E439800D40186 /* Sources */ = {
			isa = PBXSourcesBuildPhase;
			buildActionMask = 2147483647;
			files = (
				DA6EB62B1B2351EC00362033 /* MessagesTableViewController.m in Sources */,
				DACEE7CF1AAF67BD00B958F0 /* MessagesManager.m in Sources */,
				DA6F4C511A1E439800D40186 /* AppDelegate.m in Sources */,
				FB1FF5691B8A2119001831D9 /* WelcomeViewController.m in Sources */,
				DA4262921B1EE4B100560925 /* UsersTableViewController.m in Sources */,
				DAC3B8271B21B67200C303CD /* SignUpViewController.m in Sources */,
				DA8E11C91AD6A3DD005F9CF2 /* UIImage+Alpha.m in Sources */,
				DAB605F11B2002FA00341828 /* DUser.m in Sources */,
				DAEF37671B1E1A2100391DD0 /* ProfileViewController.m in Sources */,
				DACEE7D31AAF67E200B958F0 /* ContactsManager.m in Sources */,
				DA6F4C4E1A1E439800D40186 /* main.m in Sources */,
				DAB5FCAD1AC69314003D8062 /* NSStringExtensions.m in Sources */,
				DACEE7D71AB02DB200B958F0 /* UIImageExtensions.m in Sources */,
				FB6F4E251C2FF2830083DCD8 /* ComposeSheetViewController.m in Sources */,
				FB4FC3C71BAD938900FC5F01 /* QNSURLConnection.m in Sources */,
				DA19B0A41A374CB300ADDAF1 /* RedirectionViewController.m in Sources */,
				FBDE26D71B81E0B5006485D0 /* SlidingSegues.m in Sources */,
				DA8E11CD1AD6A3DD005F9CF2 /* UIImage+RoundedCorner.m in Sources */,
				DA8E11CB1AD6A3DD005F9CF2 /* UIImage+Resize.m in Sources */,
				DAF7FC4C1B31FECE008F7A96 /* DMessage.m in Sources */,
			);
			runOnlyForDeploymentPostprocessing = 0;
		};
		FB4C5D991BF5EFA8002B5A58 /* Sources */ = {
			isa = PBXSourcesBuildPhase;
			buildActionMask = 2147483647;
			files = (
				FB4C5DA91BF5EFA8002B5A58 /* ExtensionDelegate.m in Sources */,
				FB4C5DBC1BF5F0AE002B5A58 /* MessageInterfaceController.m in Sources */,
				FB4C5DBF1BF5F0BA002B5A58 /* RowController.m in Sources */,
				FB02EF6B1C0B53650010B916 /* DUserWatch.m in Sources */,
				FB4C5DA61BF5EFA8002B5A58 /* InterfaceController.m in Sources */,
				FB4C5DAC1BF5EFA8002B5A58 /* NotificationController.m in Sources */,
			);
			runOnlyForDeploymentPostprocessing = 0;
		};
/* End PBXSourcesBuildPhase section */

/* Begin PBXTargetDependency section */
		FB4C5DA01BF5EFA8002B5A58 /* PBXTargetDependency */ = {
			isa = PBXTargetDependency;
			target = FB4C5D9C1BF5EFA8002B5A58 /* Watch Extension */;
			targetProxy = FB4C5D9F1BF5EFA8002B5A58 /* PBXContainerItemProxy */;
		};
		FB4C5DB11BF5EFA8002B5A58 /* PBXTargetDependency */ = {
			isa = PBXTargetDependency;
			target = FB4C5D901BF5EFA8002B5A58 /* Watch App */;
			targetProxy = FB4C5DB01BF5EFA8002B5A58 /* PBXContainerItemProxy */;
		};
/* End PBXTargetDependency section */

/* Begin PBXVariantGroup section */
		DA6F4C551A1E439800D40186 /* Main.storyboard */ = {
			isa = PBXVariantGroup;
			children = (
				DA6F4C561A1E439800D40186 /* Base */,
			);
			name = Main.storyboard;
			sourceTree = "<group>";
		};
		FB4C5D931BF5EFA8002B5A58 /* Interface.storyboard */ = {
			isa = PBXVariantGroup;
			children = (
				FB4C5D941BF5EFA8002B5A58 /* Base */,
			);
			name = Interface.storyboard;
			sourceTree = "<group>";
		};
/* End PBXVariantGroup section */

/* Begin XCBuildConfiguration section */
		DAB605F61B20495800341828 /* Debug */ = {
			isa = XCBuildConfiguration;
			buildSettings = {
				ALWAYS_SEARCH_USER_PATHS = NO;
				APPLICATION_EXTENSION_API_ONLY = NO;
				CLANG_CXX_LANGUAGE_STANDARD = "gnu++0x";
				CLANG_CXX_LIBRARY = "libc++";
				CLANG_ENABLE_MODULES = YES;
				CLANG_ENABLE_OBJC_ARC = YES;
				CLANG_WARN_BOOL_CONVERSION = YES;
				CLANG_WARN_CONSTANT_CONVERSION = YES;
				CLANG_WARN_DIRECT_OBJC_ISA_USAGE = YES_ERROR;
				CLANG_WARN_EMPTY_BODY = YES;
				CLANG_WARN_ENUM_CONVERSION = YES;
				CLANG_WARN_INT_CONVERSION = YES;
				CLANG_WARN_OBJC_ROOT_CLASS = YES_ERROR;
				CLANG_WARN_UNREACHABLE_CODE = YES;
				CLANG_WARN__DUPLICATE_METHOD_MATCH = YES;
				CODE_SIGN_IDENTITY = "iPhone Developer";
				"CODE_SIGN_IDENTITY[sdk=iphoneos*]" = "iPhone Developer";
				COPY_PHASE_STRIP = NO;
				ENABLE_BITCODE = NO;
				ENABLE_NS_ASSERTIONS = NO;
				ENABLE_STRICT_OBJC_MSGSEND = YES;
				ENABLE_TESTABILITY = YES;
				GCC_C_LANGUAGE_STANDARD = gnu99;
				GCC_OPTIMIZATION_LEVEL = 0;
				GCC_WARN_64_TO_32_BIT_CONVERSION = YES;
				GCC_WARN_ABOUT_RETURN_TYPE = YES_ERROR;
				GCC_WARN_UNDECLARED_SELECTOR = YES;
				GCC_WARN_UNINITIALIZED_AUTOS = YES_AGGRESSIVE;
				GCC_WARN_UNUSED_FUNCTION = YES;
				GCC_WARN_UNUSED_VARIABLE = YES;
				IPHONEOS_DEPLOYMENT_TARGET = 9.0;
				MTL_ENABLE_DEBUG_INFO = NO;
				ONLY_ACTIVE_ARCH = YES;
				PROVISIONING_PROFILE = "";
				SCAN_ALL_SOURCE_FILES_FOR_INCLUDES = NO;
				SDKROOT = iphoneos;
				VALIDATE_PRODUCT = YES;
				WATCHOS_DEPLOYMENT_TARGET = 2.0;
			};
			name = Debug;
		};
		DAB605F71B20495800341828 /* Debug */ = {
			isa = XCBuildConfiguration;
			baseConfigurationReference = ACE3606FD64BC1D0EE808FD3 /* Pods-Dude.debug.xcconfig */;
			buildSettings = {
				ASSETCATALOG_COMPILER_APPICON_NAME = AppIcon;
				CODE_SIGN_ENTITLEMENTS = Dude/Dude.entitlements;
				CODE_SIGN_IDENTITY = "iPhone Developer";
				"CODE_SIGN_IDENTITY[sdk=iphoneos*]" = "iPhone Developer";
				CURRENT_PROJECT_VERSION = 2.0;
				ENABLE_BITCODE = YES;
				FRAMEWORK_SEARCH_PATHS = "$(inherited)";
				INFOPLIST_FILE = Dude/Info.plist;
				IPHONEOS_DEPLOYMENT_TARGET = 9.0;
				LD_RUNPATH_SEARCH_PATHS = "$(inherited) @executable_path/Frameworks";
				ONLY_ACTIVE_ARCH = YES;
				OTHER_LDFLAGS = "$(inherited)";
				PRODUCT_BUNDLE_IDENTIFIER = "com.ge0rges.$(PRODUCT_NAME:rfc1034identifier)";
				PRODUCT_NAME = Dude;
				PROVISIONING_PROFILE = "";
				VERSIONING_SYSTEM = "apple-generic";
			};
			name = Debug;
		};
		DAE3B3A41B290D6F00ADE09A /* Release */ = {
			isa = XCBuildConfiguration;
			buildSettings = {
				ALWAYS_SEARCH_USER_PATHS = NO;
				APPLICATION_EXTENSION_API_ONLY = NO;
				CLANG_CXX_LANGUAGE_STANDARD = "gnu++0x";
				CLANG_CXX_LIBRARY = "libc++";
				CLANG_ENABLE_MODULES = YES;
				CLANG_ENABLE_OBJC_ARC = YES;
				CLANG_WARN_BOOL_CONVERSION = YES;
				CLANG_WARN_CONSTANT_CONVERSION = YES;
				CLANG_WARN_DIRECT_OBJC_ISA_USAGE = YES_ERROR;
				CLANG_WARN_EMPTY_BODY = YES;
				CLANG_WARN_ENUM_CONVERSION = YES;
				CLANG_WARN_INT_CONVERSION = YES;
				CLANG_WARN_OBJC_ROOT_CLASS = YES_ERROR;
				CLANG_WARN_UNREACHABLE_CODE = YES;
				CLANG_WARN__DUPLICATE_METHOD_MATCH = YES;
				CODE_SIGN_IDENTITY = "iPhone Distribution";
				"CODE_SIGN_IDENTITY[sdk=iphoneos*]" = "iPhone Distribution";
				COPY_PHASE_STRIP = NO;
				ENABLE_BITCODE = NO;
				ENABLE_NS_ASSERTIONS = NO;
				ENABLE_STRICT_OBJC_MSGSEND = YES;
				GCC_C_LANGUAGE_STANDARD = gnu99;
				GCC_OPTIMIZATION_LEVEL = fast;
				GCC_WARN_64_TO_32_BIT_CONVERSION = YES;
				GCC_WARN_ABOUT_RETURN_TYPE = YES_ERROR;
				GCC_WARN_UNDECLARED_SELECTOR = YES;
				GCC_WARN_UNINITIALIZED_AUTOS = YES_AGGRESSIVE;
				GCC_WARN_UNUSED_FUNCTION = YES;
				GCC_WARN_UNUSED_VARIABLE = YES;
				IPHONEOS_DEPLOYMENT_TARGET = 9.0;
				MTL_ENABLE_DEBUG_INFO = NO;
				PROVISIONING_PROFILE = "";
				SCAN_ALL_SOURCE_FILES_FOR_INCLUDES = NO;
				SDKROOT = iphoneos;
				VALIDATE_PRODUCT = YES;
				WATCHOS_DEPLOYMENT_TARGET = 2.0;
			};
			name = Release;
		};
		DAE3B3A51B290D6F00ADE09A /* Release */ = {
			isa = XCBuildConfiguration;
			baseConfigurationReference = 9AAA7A7751B1484B7654D2CB /* Pods-Dude.release.xcconfig */;
			buildSettings = {
				ASSETCATALOG_COMPILER_APPICON_NAME = AppIcon;
				CODE_SIGN_ENTITLEMENTS = Dude/Dude.entitlements;
				CODE_SIGN_IDENTITY = "iPhone Developer";
				"CODE_SIGN_IDENTITY[sdk=iphoneos*]" = "iPhone Developer";
				CURRENT_PROJECT_VERSION = 2.0;
				ENABLE_BITCODE = YES;
				FRAMEWORK_SEARCH_PATHS = "$(inherited)";
				INFOPLIST_FILE = Dude/Info.plist;
				IPHONEOS_DEPLOYMENT_TARGET = 9.0;
				LD_RUNPATH_SEARCH_PATHS = "$(inherited) @executable_path/Frameworks";
				OTHER_LDFLAGS = "$(inherited)";
				PRODUCT_BUNDLE_IDENTIFIER = "com.ge0rges.$(PRODUCT_NAME:rfc1034identifier)";
				PRODUCT_NAME = Dude;
				PROVISIONING_PROFILE = "";
				VERSIONING_SYSTEM = "apple-generic";
			};
			name = Release;
		};
		FB4C5DB41BF5EFA8002B5A58 /* Debug */ = {
			isa = XCBuildConfiguration;
			baseConfigurationReference = BB967A64F79CD5027FF2DFFD /* Pods-Watch Extension.debug.xcconfig */;
			buildSettings = {
				CODE_SIGN_ENTITLEMENTS = "Watch Extension.entitlements";
				DEBUG_INFORMATION_FORMAT = dwarf;
				ENABLE_BITCODE = YES;
				ENABLE_ON_DEMAND_RESOURCES = NO;
				GCC_DYNAMIC_NO_PIC = NO;
				GCC_NO_COMMON_BLOCKS = YES;
				GCC_OPTIMIZATION_LEVEL = 0;
				GCC_PREPROCESSOR_DEFINITIONS = (
					"DEBUG=1",
					"$(inherited)",
				);
				INFOPLIST_FILE = "watchkitapp Extension/Info.plist";
				LD_RUNPATH_SEARCH_PATHS = "$(inherited) @executable_path/Frameworks @executable_path/../../Frameworks";
				MTL_ENABLE_DEBUG_INFO = YES;
				PRODUCT_BUNDLE_IDENTIFIER = com.ge0rges.Dude.watchkitapp.watchkitextension;
				PRODUCT_NAME = "${TARGET_NAME}";
				SDKROOT = watchos;
				SKIP_INSTALL = YES;
				TARGETED_DEVICE_FAMILY = 4;
				WATCHOS_DEPLOYMENT_TARGET = 2.0;
			};
			name = Debug;
		};
		FB4C5DB51BF5EFA8002B5A58 /* Release */ = {
			isa = XCBuildConfiguration;
			baseConfigurationReference = 6385CC7AFC34B2E9DF045186 /* Pods-Watch Extension.release.xcconfig */;
			buildSettings = {
				CODE_SIGN_ENTITLEMENTS = "Watch Extension.entitlements";
				DEBUG_INFORMATION_FORMAT = "dwarf-with-dsym";
				ENABLE_BITCODE = YES;
				ENABLE_ON_DEMAND_RESOURCES = NO;
				GCC_NO_COMMON_BLOCKS = YES;
				INFOPLIST_FILE = "watchkitapp Extension/Info.plist";
				LD_RUNPATH_SEARCH_PATHS = "$(inherited) @executable_path/Frameworks @executable_path/../../Frameworks";
				PRODUCT_BUNDLE_IDENTIFIER = com.ge0rges.Dude.watchkitapp.watchkitextension;
				PRODUCT_NAME = "${TARGET_NAME}";
				SDKROOT = watchos;
				SKIP_INSTALL = YES;
				TARGETED_DEVICE_FAMILY = 4;
				WATCHOS_DEPLOYMENT_TARGET = 2.0;
			};
			name = Release;
		};
		FB4C5DB81BF5EFA8002B5A58 /* Debug */ = {
			isa = XCBuildConfiguration;
			buildSettings = {
				ASSETCATALOG_COMPILER_APPICON_NAME = AppIcon;
				CODE_SIGN_ENTITLEMENTS = "Watch App.entitlements";
				CODE_SIGN_IDENTITY = "iPhone Developer";
				"CODE_SIGN_IDENTITY[sdk=iphoneos*]" = "iPhone Developer";
				"CODE_SIGN_IDENTITY[sdk=watchos*]" = "iPhone Developer";
				DEBUG_INFORMATION_FORMAT = dwarf;
				ENABLE_BITCODE = YES;
				GCC_DYNAMIC_NO_PIC = NO;
				GCC_NO_COMMON_BLOCKS = YES;
				GCC_OPTIMIZATION_LEVEL = 0;
				GCC_PREPROCESSOR_DEFINITIONS = (
					"DEBUG=1",
					"$(inherited)",
				);
				IBSC_MODULE = watchkitapp_Extension;
				INFOPLIST_FILE = watchkitapp/Info.plist;
				MTL_ENABLE_DEBUG_INFO = YES;
				PRODUCT_BUNDLE_IDENTIFIER = com.ge0rges.Dude.watchkitapp;
				PRODUCT_NAME = "$(TARGET_NAME)";
				PROVISIONING_PROFILE = "";
				SDKROOT = watchos;
				SKIP_INSTALL = YES;
				TARGETED_DEVICE_FAMILY = 4;
				WATCHOS_DEPLOYMENT_TARGET = 2.0;
			};
			name = Debug;
		};
		FB4C5DB91BF5EFA8002B5A58 /* Release */ = {
			isa = XCBuildConfiguration;
			buildSettings = {
				ASSETCATALOG_COMPILER_APPICON_NAME = AppIcon;
				CODE_SIGN_ENTITLEMENTS = "Watch App.entitlements";
				CODE_SIGN_IDENTITY = "iPhone Developer";
				"CODE_SIGN_IDENTITY[sdk=iphoneos*]" = "iPhone Developer";
				"CODE_SIGN_IDENTITY[sdk=watchos*]" = "iPhone Developer";
				DEBUG_INFORMATION_FORMAT = "dwarf-with-dsym";
				ENABLE_BITCODE = YES;
				GCC_NO_COMMON_BLOCKS = YES;
				IBSC_MODULE = watchkitapp_Extension;
				INFOPLIST_FILE = watchkitapp/Info.plist;
				PRODUCT_BUNDLE_IDENTIFIER = com.ge0rges.Dude.watchkitapp;
				PRODUCT_NAME = "$(TARGET_NAME)";
				PROVISIONING_PROFILE = "";
				SDKROOT = watchos;
				SKIP_INSTALL = YES;
				TARGETED_DEVICE_FAMILY = 4;
				WATCHOS_DEPLOYMENT_TARGET = 2.0;
			};
			name = Release;
		};
/* End XCBuildConfiguration section */

/* Begin XCConfigurationList section */
		DA6F4C431A1E439800D40186 /* Build configuration list for PBXProject "Dude" */ = {
			isa = XCConfigurationList;
			buildConfigurations = (
				DAB605F61B20495800341828 /* Debug */,
				DAE3B3A41B290D6F00ADE09A /* Release */,
			);
			defaultConfigurationIsVisible = 0;
			defaultConfigurationName = Debug;
		};
		DA6F4C6B1A1E439800D40186 /* Build configuration list for PBXNativeTarget "Dude" */ = {
			isa = XCConfigurationList;
			buildConfigurations = (
				DAB605F71B20495800341828 /* Debug */,
				DAE3B3A51B290D6F00ADE09A /* Release */,
			);
			defaultConfigurationIsVisible = 0;
			defaultConfigurationName = Debug;
		};
		FB4C5DB31BF5EFA8002B5A58 /* Build configuration list for PBXNativeTarget "Watch Extension" */ = {
			isa = XCConfigurationList;
			buildConfigurations = (
				FB4C5DB41BF5EFA8002B5A58 /* Debug */,
				FB4C5DB51BF5EFA8002B5A58 /* Release */,
			);
			defaultConfigurationIsVisible = 0;
			defaultConfigurationName = Debug;
		};
		FB4C5DB71BF5EFA8002B5A58 /* Build configuration list for PBXNativeTarget "Watch App" */ = {
			isa = XCConfigurationList;
			buildConfigurations = (
				FB4C5DB81BF5EFA8002B5A58 /* Debug */,
				FB4C5DB91BF5EFA8002B5A58 /* Release */,
			);
			defaultConfigurationIsVisible = 0;
			defaultConfigurationName = Debug;
		};
/* End XCConfigurationList section */
	};
	rootObject = DA6F4C401A1E439800D40186 /* Project object */;
}
